
Microsoft Visual Studio Solution File, Format Version 12.00
# Visual Studio Version 17
VisualStudioVersion = 17.6.33801.468
MinimumVisualStudioVersion = 10.0.40219.1
Project("{2150E333-8FDC-42A3-9474-1A3956D46DE8}") = "Services", "Services", "{B07A5AA0-5DF3-4C36-AD40-C0F6727C93CB}"
EndProject
Project("{2150E333-8FDC-42A3-9474-1A3956D46DE8}") = "Catalog", "Catalog", "{649B58F0-875F-49A1-9F2F-1F32B78E98C6}"
EndProject
Project("{9A19103F-16F7-4668-BE54-9A1E7A4F7556}") = "Catalog.API", "Services\Catalog\Catalog.API\Catalog.API.csproj", "{0A3163D6-D337-49B2-A7B8-F546B89493FE}"
EndProject
Project("{9A19103F-16F7-4668-BE54-9A1E7A4F7556}") = "Catalog.Application", "Services\Catalog\Catalog.Application\Catalog.Application.csproj", "{42835D10-6848-496F-B262-4F6EA07192A9}"
EndProject
Project("{9A19103F-16F7-4668-BE54-9A1E7A4F7556}") = "Catalog.Core", "Services\Catalog\Catalog.Core\Catalog.Core.csproj", "{7ED32EC3-D2FE-461F-A3B6-7C6F25A5C312}"
EndProject
Project("{9A19103F-16F7-4668-BE54-9A1E7A4F7556}") = "Catalog.Infrastructure", "Services\Catalog\Catalog.Infrastructure\Catalog.Infrastructure.csproj", "{14275CD0-5C4D-41DD-8676-5421A67FAB7F}"
EndProject
Project("{2150E333-8FDC-42A3-9474-1A3956D46DE8}") = "Basket", "Basket", "{903191D6-76D2-444F-BCA4-266C7718CBAA}"
EndProject
Project("{9A19103F-16F7-4668-BE54-9A1E7A4F7556}") = "Basket.Infrastructure", "Services\Basket\Basket.Infrastructure\Basket.Infrastructure.csproj", "{55BD5156-E960-4871-A5B3-57A48A7A0BAE}"
EndProject
Project("{9A19103F-16F7-4668-BE54-9A1E7A4F7556}") = "Basket.Core", "Services\Basket\Basket.Core\Basket.Core.csproj", "{3E895326-0B50-4C76-9C09-A730D1B69A74}"
EndProject
Project("{9A19103F-16F7-4668-BE54-9A1E7A4F7556}") = "Basket.Application", "Services\Basket\Basket.Application\Basket.Application.csproj", "{8893A662-47C4-48E4-B559-7D3C8289A156}"
EndProject
Project("{9A19103F-16F7-4668-BE54-9A1E7A4F7556}") = "Basket.API", "Services\Basket\Basket.API\Basket.API.csproj", "{BF42E808-F13F-43FF-939F-327AC5C58941}"
EndProject
Project("{2150E333-8FDC-42A3-9474-1A3956D46DE8}") = "test", "test", "{9A0DA811-FCB3-4912-98D9-3C1703EE0359}"
EndProject
Project("{9A19103F-16F7-4668-BE54-9A1E7A4F7556}") = "Catalog.Api.IntegrationTests", "tests\Catalog.Api.IntegrationTests\Catalog.Api.IntegrationTests.csproj", "{867C14F6-6105-4AB1-ABEF-019701687877}"
EndProject
Project("{2150E333-8FDC-42A3-9474-1A3956D46DE8}") = "Discount", "Discount", "{3142F0C0-7A23-481C-AB68-BF457C74DAC5}"
EndProject
Project("{9A19103F-16F7-4668-BE54-9A1E7A4F7556}") = "Discount.API", "Services\Discount\Discount.API\Discount.API.csproj", "{C1927A86-3AC6-46B5-97DA-9EA43CFF32C4}"
EndProject
Project("{9A19103F-16F7-4668-BE54-9A1E7A4F7556}") = "Discount.Application", "Services\Discount\Discount.Application\Discount.Application.csproj", "{191455F9-9837-46FC-81A5-4671616B6907}"
EndProject
Project("{9A19103F-16F7-4668-BE54-9A1E7A4F7556}") = "Discount.Core", "Services\Discount\Discount.Core\Discount.Core.csproj", "{30733361-D89F-4BEB-BF48-F906FC785C3B}"
EndProject
Project("{9A19103F-16F7-4668-BE54-9A1E7A4F7556}") = "Discount.Infrastructure", "Services\Discount\Discount.Infrastructure\Discount.Infrastructure.csproj", "{E8453890-8D11-47D1-AB04-D4C2DCD0394B}"
EndProject
Project("{2150E333-8FDC-42A3-9474-1A3956D46DE8}") = "Order", "Order", "{5CC0890C-8728-49B6-9389-E7EFD3D06F6B}"
EndProject
Project("{9A19103F-16F7-4668-BE54-9A1E7A4F7556}") = "Order.Application", "Services\Order\Order.Application\Order.Application.csproj", "{FC5DF74E-D9EF-4055-A4FE-9900AF9D5695}"
EndProject
Project("{9A19103F-16F7-4668-BE54-9A1E7A4F7556}") = "Order.Core", "Services\Order\Order.Core\Order.Core.csproj", "{717790AC-BC40-47FF-845F-23B940515A0C}"
EndProject
Project("{9A19103F-16F7-4668-BE54-9A1E7A4F7556}") = "Order.Infrastructure", "Services\Order\Order.Infrastructure\Order.Infrastructure.csproj", "{7B771CDC-BD4D-46DD-B14C-891442A26EE3}"
EndProject
Project("{9A19103F-16F7-4668-BE54-9A1E7A4F7556}") = "Order.Api", "Services\Order\Order.Api\Order.Api.csproj", "{AE3C70DF-845F-4817-8504-63461A430F04}"
EndProject
Project("{9A19103F-16F7-4668-BE54-9A1E7A4F7556}") = "Espire.AppHost", "Espire.AppHost\Espire.AppHost.csproj", "{9FC92EF4-3046-4857-A1AA-09A2919688A7}"
EndProject
Project("{9A19103F-16F7-4668-BE54-9A1E7A4F7556}") = "Eshopping.ServiceDefaults", "Eshopping.ServiceDefaults\Eshopping.ServiceDefaults.csproj", "{432D659D-2189-4AC0-A5EE-38944C200144}"
EndProject
Project("{2150E333-8FDC-42A3-9474-1A3956D46DE8}") = "InfraStructure", "InfraStructure", "{69EF4329-0320-44FC-94E0-0A8A2450CDBB}"
EndProject
Project("{9A19103F-16F7-4668-BE54-9A1E7A4F7556}") = "Aspire.RabbitMq.Consumer", "InfraStructure\Aspire.RabbitMq.Consumer\Aspire.RabbitMq.Consumer.csproj", "{523E4CF6-D607-4A9A-9BA8-975A5C1E510B}"
EndProject
Project("{9A19103F-16F7-4668-BE54-9A1E7A4F7556}") = "EventBus.Messages.Common", "InfraStructure\EventBus.Messages.Common\EventBus.Messages.Common.csproj", "{C9D00C9D-49DC-4726-9F39-9616A5D39913}"
EndProject
Project("{FAE04EC0-301F-11D3-BF4B-00C04F79EFBC}") = "Espire.Common.Logging", "Espire.Common.Logging\Espire.Common.Logging.csproj", "{F23B54E2-3056-4369-AD01-B15BB894B2C2}"
EndProject
Global
	GlobalSection(SolutionConfigurationPlatforms) = preSolution
		Debug|Any CPU = Debug|Any CPU
		Release|Any CPU = Release|Any CPU
	EndGlobalSection
	GlobalSection(ProjectConfigurationPlatforms) = postSolution
		{0A3163D6-D337-49B2-A7B8-F546B89493FE}.Debug|Any CPU.ActiveCfg = Debug|Any CPU
		{0A3163D6-D337-49B2-A7B8-F546B89493FE}.Debug|Any CPU.Build.0 = Debug|Any CPU
		{0A3163D6-D337-49B2-A7B8-F546B89493FE}.Release|Any CPU.ActiveCfg = Release|Any CPU
		{0A3163D6-D337-49B2-A7B8-F546B89493FE}.Release|Any CPU.Build.0 = Release|Any CPU
		{42835D10-6848-496F-B262-4F6EA07192A9}.Debug|Any CPU.ActiveCfg = Debug|Any CPU
		{42835D10-6848-496F-B262-4F6EA07192A9}.Debug|Any CPU.Build.0 = Debug|Any CPU
		{42835D10-6848-496F-B262-4F6EA07192A9}.Release|Any CPU.ActiveCfg = Release|Any CPU
		{42835D10-6848-496F-B262-4F6EA07192A9}.Release|Any CPU.Build.0 = Release|Any CPU
		{7ED32EC3-D2FE-461F-A3B6-7C6F25A5C312}.Debug|Any CPU.ActiveCfg = Debug|Any CPU
		{7ED32EC3-D2FE-461F-A3B6-7C6F25A5C312}.Debug|Any CPU.Build.0 = Debug|Any CPU
		{7ED32EC3-D2FE-461F-A3B6-7C6F25A5C312}.Release|Any CPU.ActiveCfg = Release|Any CPU
		{7ED32EC3-D2FE-461F-A3B6-7C6F25A5C312}.Release|Any CPU.Build.0 = Release|Any CPU
		{14275CD0-5C4D-41DD-8676-5421A67FAB7F}.Debug|Any CPU.ActiveCfg = Debug|Any CPU
		{14275CD0-5C4D-41DD-8676-5421A67FAB7F}.Debug|Any CPU.Build.0 = Debug|Any CPU
		{14275CD0-5C4D-41DD-8676-5421A67FAB7F}.Release|Any CPU.ActiveCfg = Release|Any CPU
		{14275CD0-5C4D-41DD-8676-5421A67FAB7F}.Release|Any CPU.Build.0 = Release|Any CPU
		{55BD5156-E960-4871-A5B3-57A48A7A0BAE}.Debug|Any CPU.ActiveCfg = Debug|Any CPU
		{55BD5156-E960-4871-A5B3-57A48A7A0BAE}.Debug|Any CPU.Build.0 = Debug|Any CPU
		{55BD5156-E960-4871-A5B3-57A48A7A0BAE}.Release|Any CPU.ActiveCfg = Release|Any CPU
		{55BD5156-E960-4871-A5B3-57A48A7A0BAE}.Release|Any CPU.Build.0 = Release|Any CPU
		{3E895326-0B50-4C76-9C09-A730D1B69A74}.Debug|Any CPU.ActiveCfg = Debug|Any CPU
		{3E895326-0B50-4C76-9C09-A730D1B69A74}.Debug|Any CPU.Build.0 = Debug|Any CPU
		{3E895326-0B50-4C76-9C09-A730D1B69A74}.Release|Any CPU.ActiveCfg = Release|Any CPU
		{3E895326-0B50-4C76-9C09-A730D1B69A74}.Release|Any CPU.Build.0 = Release|Any CPU
		{8893A662-47C4-48E4-B559-7D3C8289A156}.Debug|Any CPU.ActiveCfg = Debug|Any CPU
		{8893A662-47C4-48E4-B559-7D3C8289A156}.Debug|Any CPU.Build.0 = Debug|Any CPU
		{8893A662-47C4-48E4-B559-7D3C8289A156}.Release|Any CPU.ActiveCfg = Release|Any CPU
		{8893A662-47C4-48E4-B559-7D3C8289A156}.Release|Any CPU.Build.0 = Release|Any CPU
		{BF42E808-F13F-43FF-939F-327AC5C58941}.Debug|Any CPU.ActiveCfg = Debug|Any CPU
		{BF42E808-F13F-43FF-939F-327AC5C58941}.Debug|Any CPU.Build.0 = Debug|Any CPU
		{BF42E808-F13F-43FF-939F-327AC5C58941}.Release|Any CPU.ActiveCfg = Release|Any CPU
		{BF42E808-F13F-43FF-939F-327AC5C58941}.Release|Any CPU.Build.0 = Release|Any CPU
		{867C14F6-6105-4AB1-ABEF-019701687877}.Debug|Any CPU.ActiveCfg = Debug|Any CPU
		{867C14F6-6105-4AB1-ABEF-019701687877}.Debug|Any CPU.Build.0 = Debug|Any CPU
		{867C14F6-6105-4AB1-ABEF-019701687877}.Release|Any CPU.ActiveCfg = Release|Any CPU
		{867C14F6-6105-4AB1-ABEF-019701687877}.Release|Any CPU.Build.0 = Release|Any CPU
		{C1927A86-3AC6-46B5-97DA-9EA43CFF32C4}.Debug|Any CPU.ActiveCfg = Debug|Any CPU
		{C1927A86-3AC6-46B5-97DA-9EA43CFF32C4}.Debug|Any CPU.Build.0 = Debug|Any CPU
		{C1927A86-3AC6-46B5-97DA-9EA43CFF32C4}.Release|Any CPU.ActiveCfg = Release|Any CPU
		{C1927A86-3AC6-46B5-97DA-9EA43CFF32C4}.Release|Any CPU.Build.0 = Release|Any CPU
		{191455F9-9837-46FC-81A5-4671616B6907}.Debug|Any CPU.ActiveCfg = Debug|Any CPU
		{191455F9-9837-46FC-81A5-4671616B6907}.Debug|Any CPU.Build.0 = Debug|Any CPU
		{191455F9-9837-46FC-81A5-4671616B6907}.Release|Any CPU.ActiveCfg = Release|Any CPU
		{191455F9-9837-46FC-81A5-4671616B6907}.Release|Any CPU.Build.0 = Release|Any CPU
		{30733361-D89F-4BEB-BF48-F906FC785C3B}.Debug|Any CPU.ActiveCfg = Debug|Any CPU
		{30733361-D89F-4BEB-BF48-F906FC785C3B}.Debug|Any CPU.Build.0 = Debug|Any CPU
		{30733361-D89F-4BEB-BF48-F906FC785C3B}.Release|Any CPU.ActiveCfg = Release|Any CPU
		{30733361-D89F-4BEB-BF48-F906FC785C3B}.Release|Any CPU.Build.0 = Release|Any CPU
		{E8453890-8D11-47D1-AB04-D4C2DCD0394B}.Debug|Any CPU.ActiveCfg = Debug|Any CPU
		{E8453890-8D11-47D1-AB04-D4C2DCD0394B}.Debug|Any CPU.Build.0 = Debug|Any CPU
		{E8453890-8D11-47D1-AB04-D4C2DCD0394B}.Release|Any CPU.ActiveCfg = Release|Any CPU
		{E8453890-8D11-47D1-AB04-D4C2DCD0394B}.Release|Any CPU.Build.0 = Release|Any CPU
		{FC5DF74E-D9EF-4055-A4FE-9900AF9D5695}.Debug|Any CPU.ActiveCfg = Debug|Any CPU
		{FC5DF74E-D9EF-4055-A4FE-9900AF9D5695}.Debug|Any CPU.Build.0 = Debug|Any CPU
		{FC5DF74E-D9EF-4055-A4FE-9900AF9D5695}.Release|Any CPU.ActiveCfg = Release|Any CPU
		{FC5DF74E-D9EF-4055-A4FE-9900AF9D5695}.Release|Any CPU.Build.0 = Release|Any CPU
		{717790AC-BC40-47FF-845F-23B940515A0C}.Debug|Any CPU.ActiveCfg = Debug|Any CPU
		{717790AC-BC40-47FF-845F-23B940515A0C}.Debug|Any CPU.Build.0 = Debug|Any CPU
		{717790AC-BC40-47FF-845F-23B940515A0C}.Release|Any CPU.ActiveCfg = Release|Any CPU
		{717790AC-BC40-47FF-845F-23B940515A0C}.Release|Any CPU.Build.0 = Release|Any CPU
		{7B771CDC-BD4D-46DD-B14C-891442A26EE3}.Debug|Any CPU.ActiveCfg = Debug|Any CPU
		{7B771CDC-BD4D-46DD-B14C-891442A26EE3}.Debug|Any CPU.Build.0 = Debug|Any CPU
		{7B771CDC-BD4D-46DD-B14C-891442A26EE3}.Release|Any CPU.ActiveCfg = Release|Any CPU
		{7B771CDC-BD4D-46DD-B14C-891442A26EE3}.Release|Any CPU.Build.0 = Release|Any CPU
		{AE3C70DF-845F-4817-8504-63461A430F04}.Debug|Any CPU.ActiveCfg = Debug|Any CPU
		{AE3C70DF-845F-4817-8504-63461A430F04}.Debug|Any CPU.Build.0 = Debug|Any CPU
		{AE3C70DF-845F-4817-8504-63461A430F04}.Release|Any CPU.ActiveCfg = Release|Any CPU
		{AE3C70DF-845F-4817-8504-63461A430F04}.Release|Any CPU.Build.0 = Release|Any CPU
		{9FC92EF4-3046-4857-A1AA-09A2919688A7}.Debug|Any CPU.ActiveCfg = Debug|Any CPU
		{9FC92EF4-3046-4857-A1AA-09A2919688A7}.Debug|Any CPU.Build.0 = Debug|Any CPU
		{9FC92EF4-3046-4857-A1AA-09A2919688A7}.Release|Any CPU.ActiveCfg = Release|Any CPU
		{9FC92EF4-3046-4857-A1AA-09A2919688A7}.Release|Any CPU.Build.0 = Release|Any CPU
		{432D659D-2189-4AC0-A5EE-38944C200144}.Debug|Any CPU.ActiveCfg = Debug|Any CPU
		{432D659D-2189-4AC0-A5EE-38944C200144}.Debug|Any CPU.Build.0 = Debug|Any CPU
		{432D659D-2189-4AC0-A5EE-38944C200144}.Release|Any CPU.ActiveCfg = Release|Any CPU
		{432D659D-2189-4AC0-A5EE-38944C200144}.Release|Any CPU.Build.0 = Release|Any CPU
		{523E4CF6-D607-4A9A-9BA8-975A5C1E510B}.Debug|Any CPU.ActiveCfg = Debug|Any CPU
		{523E4CF6-D607-4A9A-9BA8-975A5C1E510B}.Debug|Any CPU.Build.0 = Debug|Any CPU
		{523E4CF6-D607-4A9A-9BA8-975A5C1E510B}.Release|Any CPU.ActiveCfg = Release|Any CPU
		{523E4CF6-D607-4A9A-9BA8-975A5C1E510B}.Release|Any CPU.Build.0 = Release|Any CPU
		{C9D00C9D-49DC-4726-9F39-9616A5D39913}.Debug|Any CPU.ActiveCfg = Debug|Any CPU
		{C9D00C9D-49DC-4726-9F39-9616A5D39913}.Debug|Any CPU.Build.0 = Debug|Any CPU
		{C9D00C9D-49DC-4726-9F39-9616A5D39913}.Release|Any CPU.ActiveCfg = Release|Any CPU
		{C9D00C9D-49DC-4726-9F39-9616A5D39913}.Release|Any CPU.Build.0 = Release|Any CPU
		{F23B54E2-3056-4369-AD01-B15BB894B2C2}.Debug|Any CPU.ActiveCfg = Debug|Any CPU
		{F23B54E2-3056-4369-AD01-B15BB894B2C2}.Debug|Any CPU.Build.0 = Debug|Any CPU
		{F23B54E2-3056-4369-AD01-B15BB894B2C2}.Release|Any CPU.ActiveCfg = Release|Any CPU
		{F23B54E2-3056-4369-AD01-B15BB894B2C2}.Release|Any CPU.Build.0 = Release|Any CPU
	EndGlobalSection
	GlobalSection(SolutionProperties) = preSolution
		HideSolutionNode = FALSE
	EndGlobalSection
	GlobalSection(NestedProjects) = preSolution
		{649B58F0-875F-49A1-9F2F-1F32B78E98C6} = {B07A5AA0-5DF3-4C36-AD40-C0F6727C93CB}
		{0A3163D6-D337-49B2-A7B8-F546B89493FE} = {649B58F0-875F-49A1-9F2F-1F32B78E98C6}
		{42835D10-6848-496F-B262-4F6EA07192A9} = {649B58F0-875F-49A1-9F2F-1F32B78E98C6}
		{7ED32EC3-D2FE-461F-A3B6-7C6F25A5C312} = {649B58F0-875F-49A1-9F2F-1F32B78E98C6}
		{14275CD0-5C4D-41DD-8676-5421A67FAB7F} = {649B58F0-875F-49A1-9F2F-1F32B78E98C6}
		{903191D6-76D2-444F-BCA4-266C7718CBAA} = {B07A5AA0-5DF3-4C36-AD40-C0F6727C93CB}
		{55BD5156-E960-4871-A5B3-57A48A7A0BAE} = {903191D6-76D2-444F-BCA4-266C7718CBAA}
		{3E895326-0B50-4C76-9C09-A730D1B69A74} = {903191D6-76D2-444F-BCA4-266C7718CBAA}
		{8893A662-47C4-48E4-B559-7D3C8289A156} = {903191D6-76D2-444F-BCA4-266C7718CBAA}
		{BF42E808-F13F-43FF-939F-327AC5C58941} = {903191D6-76D2-444F-BCA4-266C7718CBAA}
		{867C14F6-6105-4AB1-ABEF-019701687877} = {9A0DA811-FCB3-4912-98D9-3C1703EE0359}
		{3142F0C0-7A23-481C-AB68-BF457C74DAC5} = {B07A5AA0-5DF3-4C36-AD40-C0F6727C93CB}
		{C1927A86-3AC6-46B5-97DA-9EA43CFF32C4} = {3142F0C0-7A23-481C-AB68-BF457C74DAC5}
		{191455F9-9837-46FC-81A5-4671616B6907} = {3142F0C0-7A23-481C-AB68-BF457C74DAC5}
		{30733361-D89F-4BEB-BF48-F906FC785C3B} = {3142F0C0-7A23-481C-AB68-BF457C74DAC5}
		{E8453890-8D11-47D1-AB04-D4C2DCD0394B} = {3142F0C0-7A23-481C-AB68-BF457C74DAC5}
		{5CC0890C-8728-49B6-9389-E7EFD3D06F6B} = {B07A5AA0-5DF3-4C36-AD40-C0F6727C93CB}
		{FC5DF74E-D9EF-4055-A4FE-9900AF9D5695} = {5CC0890C-8728-49B6-9389-E7EFD3D06F6B}
		{717790AC-BC40-47FF-845F-23B940515A0C} = {5CC0890C-8728-49B6-9389-E7EFD3D06F6B}
		{7B771CDC-BD4D-46DD-B14C-891442A26EE3} = {5CC0890C-8728-49B6-9389-E7EFD3D06F6B}
		{AE3C70DF-845F-4817-8504-63461A430F04} = {5CC0890C-8728-49B6-9389-E7EFD3D06F6B}
		{523E4CF6-D607-4A9A-9BA8-975A5C1E510B} = {69EF4329-0320-44FC-94E0-0A8A2450CDBB}
		{C9D00C9D-49DC-4726-9F39-9616A5D39913} = {69EF4329-0320-44FC-94E0-0A8A2450CDBB}
		{F23B54E2-3056-4369-AD01-B15BB894B2C2} = {69EF4329-0320-44FC-94E0-0A8A2450CDBB}
	EndGlobalSection
	GlobalSection(ExtensibilityGlobals) = postSolution
		SolutionGuid = {BC3AFC96-8114-4A6C-BBF2-E4D22657257F}
	EndGlobalSection
EndGlobal
